
Microsoft Visual Studio Solution File, Format Version 12.00
# Visual Studio Version 17
VisualStudioVersion = 17.8.34330.188
MinimumVisualStudioVersion = 10.0.40219.1
Project("{FAE04EC0-301F-11D3-BF4B-00C04F79EFBC}") = "WriterAssign", "WriterAssign.csproj", "{4527EA0D-7AC4-4269-9F2F-4025B978BE97}"
EndProject
Global
	GlobalSection(SolutionConfigurationPlatforms) = preSolution
		Debug|Any CPU = Debug|Any CPU
		Release|Any CPU = Release|Any CPU
	EndGlobalSection
	GlobalSection(ProjectConfigurationPlatforms) = postSolution
		{4527EA0D-7AC4-4269-9F2F-4025B978BE97}.Debug|Any CPU.ActiveCfg = Debug|Any CPU
		{4527EA0D-7AC4-4269-9F2F-4025B978BE97}.Debug|Any CPU.Build.0 = Debug|Any CPU
		{4527EA0D-7AC4-4269-9F2F-4025B978BE97}.Release|Any CPU.ActiveCfg = Release|Any CPU
		{4527EA0D-7AC4-4269-9F2F-4025B978BE97}.Release|Any CPU.Build.0 = Release|Any CPU
	EndGlobalSection
	GlobalSection(SolutionProperties) = preSolution
		HideSolutionNode = FALSE
	EndGlobalSection
	GlobalSection(ExtensibilityGlobals) = postSolution
		SolutionGuid = {A7C0E196-431E-46C6-BBC3-D1E1AE2368D2}
	EndGlobalSection
EndGlobal
